
Microsoft Visual Studio Solution File, Format Version 12.00
# Visual Studio Version 16
VisualStudioVersion = 16.0.31702.278
MinimumVisualStudioVersion = 10.0.40219.1
Project("{FAE04EC0-301F-11D3-BF4B-00C04F79EFBC}") = "001_exercise 1", "001_exercise 1\001_exercise 1.csproj", "{C790F295-3868-4C35-A19D-ABFD1064CBD7}"
EndProject
Global
	GlobalSection(SolutionConfigurationPlatforms) = preSolution
		Debug|Any CPU = Debug|Any CPU
		Release|Any CPU = Release|Any CPU
	EndGlobalSection
	GlobalSection(ProjectConfigurationPlatforms) = postSolution
		{C790F295-3868-4C35-A19D-ABFD1064CBD7}.Debug|Any CPU.ActiveCfg = Debug|Any CPU
		{C790F295-3868-4C35-A19D-ABFD1064CBD7}.Debug|Any CPU.Build.0 = Debug|Any CPU
		{C790F295-3868-4C35-A19D-ABFD1064CBD7}.Release|Any CPU.ActiveCfg = Release|Any CPU
		{C790F295-3868-4C35-A19D-ABFD1064CBD7}.Release|Any CPU.Build.0 = Release|Any CPU
	EndGlobalSection
	GlobalSection(SolutionProperties) = preSolution
		HideSolutionNode = FALSE
	EndGlobalSection
	GlobalSection(ExtensibilityGlobals) = postSolution
		SolutionGuid = {B7087084-628B-4152-BA97-DA34382778D2}
	EndGlobalSection
EndGlobal
